Microsoft Visual Studio Solution File, Format Version 12.00
# Visual Studio 15
VisualStudioVersion = 15.0.27130.2026
MinimumVisualStudioVersion = 10.0.40219.1
Project("{FAE04EC0-301F-11D3-BF4B-00C04F79EFBC}") = "ConveyISO", "ConveyISO.csproj", "{686AE87C-3A9B-4213-AE45-ECDAB795F01E}"
EndProject
Project("{FAE04EC0-301F-11D3-BF4B-00C04F79EFBC}") = "SimulaISO", "SimulaISO\SimulaISO.csproj", "{251A1E90-E14B-42D4-9EA7-1637CA998F7E}"
EndProject
Project("{FAE04EC0-301F-11D3-BF4B-00C04F79EFBC}") = "ServerISO", "ServerISO\ServerISO.csproj", "{A00B6157-E72A-49C4-A328-C4E96341EF4F}"
EndProject
Project("{FAE04EC0-301F-11D3-BF4B-00C04F79EFBC}") = "ServerCNET", "ServerCNET\ServerCNET.csproj", "{4E3AA510-9D83-4513-9E78-1C2A7A2191DA}"
EndProject
Project("{FAE04EC0-301F-11D3-BF4B-00C04F79EFBC}") = "TesteREDE", "TesteREDE\TesteREDE.csproj", "{CABE817D-EB4F-4510-A9A9-2A3C12256430}"
EndProject
Global
	GlobalSection(SolutionConfigurationPlatforms) = preSolution
		Debug|Any CPU = Debug|Any CPU
		Release|Any CPU = Release|Any CPU
	EndGlobalSection
	GlobalSection(ProjectConfigurationPlatforms) = postSolution
		{686AE87C-3A9B-4213-AE45-ECDAB795F01E}.Debug|Any CPU.ActiveCfg = Debug|Any CPU
		{686AE87C-3A9B-4213-AE45-ECDAB795F01E}.Debug|Any CPU.Build.0 = Debug|Any CPU
		{686AE87C-3A9B-4213-AE45-ECDAB795F01E}.Release|Any CPU.ActiveCfg = Release|Any CPU
		{686AE87C-3A9B-4213-AE45-ECDAB795F01E}.Release|Any CPU.Build.0 = Release|Any CPU
		{251A1E90-E14B-42D4-9EA7-1637CA998F7E}.Debug|Any CPU.ActiveCfg = Debug|Any CPU
		{251A1E90-E14B-42D4-9EA7-1637CA998F7E}.Debug|Any CPU.Build.0 = Debug|Any CPU
		{251A1E90-E14B-42D4-9EA7-1637CA998F7E}.Release|Any CPU.ActiveCfg = Release|Any CPU
		{251A1E90-E14B-42D4-9EA7-1637CA998F7E}.Release|Any CPU.Build.0 = Release|Any CPU
		{A00B6157-E72A-49C4-A328-C4E96341EF4F}.Debug|Any CPU.ActiveCfg = Debug|Any CPU
		{A00B6157-E72A-49C4-A328-C4E96341EF4F}.Debug|Any CPU.Build.0 = Debug|Any CPU
		{A00B6157-E72A-49C4-A328-C4E96341EF4F}.Release|Any CPU.ActiveCfg = Release|Any CPU
		{A00B6157-E72A-49C4-A328-C4E96341EF4F}.Release|Any CPU.Build.0 = Release|Any CPU
		{4E3AA510-9D83-4513-9E78-1C2A7A2191DA}.Debug|Any CPU.ActiveCfg = Debug|Any CPU
		{4E3AA510-9D83-4513-9E78-1C2A7A2191DA}.Debug|Any CPU.Build.0 = Debug|Any CPU
		{4E3AA510-9D83-4513-9E78-1C2A7A2191DA}.Release|Any CPU.ActiveCfg = Release|Any CPU
		{4E3AA510-9D83-4513-9E78-1C2A7A2191DA}.Release|Any CPU.Build.0 = Release|Any CPU
		{CABE817D-EB4F-4510-A9A9-2A3C12256430}.Debug|Any CPU.ActiveCfg = Debug|Any CPU
		{CABE817D-EB4F-4510-A9A9-2A3C12256430}.Debug|Any CPU.Build.0 = Debug|Any CPU
		{CABE817D-EB4F-4510-A9A9-2A3C12256430}.Release|Any CPU.ActiveCfg = Release|Any CPU
		{CABE817D-EB4F-4510-A9A9-2A3C12256430}.Release|Any CPU.Build.0 = Release|Any CPU
	EndGlobalSection
	GlobalSection(SolutionProperties) = preSolution
		HideSolutionNode = FALSE
	EndGlobalSection
	GlobalSection(ExtensibilityGlobals) = postSolution
		SolutionGuid = {2E4FB28D-9ED5-48AC-941B-F717828ABCCF}
	EndGlobalSection
EndGlobal
